
Microsoft Visual Studio Solution File, Format Version 12.00
# Visual Studio 15
VisualStudioVersion = 15.0.28010.2046
MinimumVisualStudioVersion = 10.0.40219.1
Project("{FAE04EC0-301F-11D3-BF4B-00C04F79EFBC}") = "Introduction", "Introduction\Introduction.csproj", "{F5D40001-EC6E-4A14-944F-D8EB65D5F67D}"
EndProject
Project("{2150E333-8FDC-42A3-9474-1A3956D46DE8}") = "1", "1", "{604BB44B-A5C7-4FE7-93FE-394267EEEDD4}"
EndProject
Project("{2150E333-8FDC-42A3-9474-1A3956D46DE8}") = "2", "2", "{D695BE0D-0ACE-4688-8AAF-8C2EAAACC531}"
EndProject
Project("{FAE04EC0-301F-11D3-BF4B-00C04F79EFBC}") = "Demo.Debug.App", "Demo.Debug.App\Demo.Debug.App.csproj", "{B19176A7-A9C7-4809-9277-C98524B6FAE1}"
EndProject
Project("{FAE04EC0-301F-11D3-BF4B-00C04F79EFBC}") = "Demo.Debug.Lib", "Demo.Debug.Lib\Demo.Debug.Lib.csproj", "{D6C422D2-923B-4A34-9A4A-AA1D4EF0FA72}"
EndProject
Project("{2150E333-8FDC-42A3-9474-1A3956D46DE8}") = "3", "3", "{52FF6D09-42A1-42B6-BDD1-72A1CFFFF7AD}"
EndProject
Project("{FAE04EC0-301F-11D3-BF4B-00C04F79EFBC}") = "Demo.Release.App", "Demo.Release.App\Demo.Release.App.csproj", "{DBB3124A-C312-4F7F-8F19-A8013EB38A04}"
EndProject
Project("{FAE04EC0-301F-11D3-BF4B-00C04F79EFBC}") = "Demo.Release.Lib", "Demo.Release.Lib\Demo.Release.Lib.csproj", "{972D4478-FF5D-448E-8B07-A1C4420FE1F5}"
EndProject
Project("{2150E333-8FDC-42A3-9474-1A3956D46DE8}") = "4", "4", "{95586DD6-BA19-439F-B551-D7A32961BD26}"
EndProject
Project("{FAE04EC0-301F-11D3-BF4B-00C04F79EFBC}") = "Demo.GAC.App", "Demo.GAC.App\Demo.GAC.App.csproj", "{8087C845-4063-443A-BD2A-C2FF7648855A}"
EndProject
Project("{2150E333-8FDC-42A3-9474-1A3956D46DE8}") = "5", "5", "{89962603-0192-4B15-B86C-D601A27FEFC9}"
EndProject
Project("{FAE04EC0-301F-11D3-BF4B-00C04F79EFBC}") = "Demo.NGEN.App", "Demo.NGEN.App\Demo.NGEN.App.csproj", "{CC59676D-128E-4657-A5D7-1D1424487CB2}"
EndProject
Project("{FAE04EC0-301F-11D3-BF4B-00C04F79EFBC}") = "Demo.NGEN.Lib", "Demo.NGEN.Lib\Demo.NGEN.Lib.csproj", "{C424FEAB-D330-490B-9A86-6A6A062B8672}"
EndProject
Project("{9A19103F-16F7-4668-BE54-9A1E7A4F7556}") = "Demo.DotNet.Core", "Demo.DotNet.Core\Demo.DotNet.Core.csproj", "{A488E1FC-77E4-45BC-99C5-ABD3010C8D1B}"
EndProject
Project("{2150E333-8FDC-42A3-9474-1A3956D46DE8}") = "6", "6", "{1A58EB6E-334B-4554-96EE-92D2ABA7A164}"
EndProject
Project("{FAE04EC0-301F-11D3-BF4B-00C04F79EFBC}") = "EmbeddedPDB", "EmbeddedPDB\EmbeddedPDB.csproj", "{14E4AE9A-2BB9-4EF8-A877-4C0AA94D57E3}"
EndProject
Project("{2150E333-8FDC-42A3-9474-1A3956D46DE8}") = "EmbeddedSource", "EmbeddedSource", "{F226FC0C-D277-4F42-B004-CC69E3C627B8}"
	ProjectSection(SolutionItems) = preProject
		EmbeddedSource\Program.cs = EmbeddedSource\Program.cs
	EndProjectSection
EndProject
Global
	GlobalSection(SolutionConfigurationPlatforms) = preSolution
		Debug|Any CPU = Debug|Any CPU
		Release|Any CPU = Release|Any CPU
	EndGlobalSection
	GlobalSection(ProjectConfigurationPlatforms) = postSolution
		{F5D40001-EC6E-4A14-944F-D8EB65D5F67D}.Debug|Any CPU.ActiveCfg = Debug|Any CPU
		{F5D40001-EC6E-4A14-944F-D8EB65D5F67D}.Debug|Any CPU.Build.0 = Debug|Any CPU
		{F5D40001-EC6E-4A14-944F-D8EB65D5F67D}.Release|Any CPU.ActiveCfg = Release|Any CPU
		{F5D40001-EC6E-4A14-944F-D8EB65D5F67D}.Release|Any CPU.Build.0 = Release|Any CPU
		{B19176A7-A9C7-4809-9277-C98524B6FAE1}.Debug|Any CPU.ActiveCfg = Debug|Any CPU
		{B19176A7-A9C7-4809-9277-C98524B6FAE1}.Debug|Any CPU.Build.0 = Debug|Any CPU
		{B19176A7-A9C7-4809-9277-C98524B6FAE1}.Release|Any CPU.ActiveCfg = Release|Any CPU
		{B19176A7-A9C7-4809-9277-C98524B6FAE1}.Release|Any CPU.Build.0 = Release|Any CPU
		{D6C422D2-923B-4A34-9A4A-AA1D4EF0FA72}.Debug|Any CPU.ActiveCfg = Debug|Any CPU
		{D6C422D2-923B-4A34-9A4A-AA1D4EF0FA72}.Debug|Any CPU.Build.0 = Debug|Any CPU
		{D6C422D2-923B-4A34-9A4A-AA1D4EF0FA72}.Release|Any CPU.ActiveCfg = Release|Any CPU
		{D6C422D2-923B-4A34-9A4A-AA1D4EF0FA72}.Release|Any CPU.Build.0 = Release|Any CPU
		{DBB3124A-C312-4F7F-8F19-A8013EB38A04}.Debug|Any CPU.ActiveCfg = Debug|Any CPU
		{DBB3124A-C312-4F7F-8F19-A8013EB38A04}.Debug|Any CPU.Build.0 = Debug|Any CPU
		{DBB3124A-C312-4F7F-8F19-A8013EB38A04}.Release|Any CPU.ActiveCfg = Release|Any CPU
		{DBB3124A-C312-4F7F-8F19-A8013EB38A04}.Release|Any CPU.Build.0 = Release|Any CPU
		{972D4478-FF5D-448E-8B07-A1C4420FE1F5}.Debug|Any CPU.ActiveCfg = Debug|Any CPU
		{972D4478-FF5D-448E-8B07-A1C4420FE1F5}.Debug|Any CPU.Build.0 = Debug|Any CPU
		{972D4478-FF5D-448E-8B07-A1C4420FE1F5}.Release|Any CPU.ActiveCfg = Release|Any CPU
		{972D4478-FF5D-448E-8B07-A1C4420FE1F5}.Release|Any CPU.Build.0 = Release|Any CPU
		{8087C845-4063-443A-BD2A-C2FF7648855A}.Debug|Any CPU.ActiveCfg = Debug|Any CPU
		{8087C845-4063-443A-BD2A-C2FF7648855A}.Debug|Any CPU.Build.0 = Debug|Any CPU
		{8087C845-4063-443A-BD2A-C2FF7648855A}.Release|Any CPU.ActiveCfg = Release|Any CPU
		{8087C845-4063-443A-BD2A-C2FF7648855A}.Release|Any CPU.Build.0 = Release|Any CPU
		{CC59676D-128E-4657-A5D7-1D1424487CB2}.Debug|Any CPU.ActiveCfg = Debug|Any CPU
		{CC59676D-128E-4657-A5D7-1D1424487CB2}.Debug|Any CPU.Build.0 = Debug|Any CPU
		{CC59676D-128E-4657-A5D7-1D1424487CB2}.Release|Any CPU.ActiveCfg = Release|Any CPU
		{CC59676D-128E-4657-A5D7-1D1424487CB2}.Release|Any CPU.Build.0 = Release|Any CPU
		{C424FEAB-D330-490B-9A86-6A6A062B8672}.Debug|Any CPU.ActiveCfg = Debug|Any CPU
		{C424FEAB-D330-490B-9A86-6A6A062B8672}.Debug|Any CPU.Build.0 = Debug|Any CPU
		{C424FEAB-D330-490B-9A86-6A6A062B8672}.Release|Any CPU.ActiveCfg = Release|Any CPU
		{C424FEAB-D330-490B-9A86-6A6A062B8672}.Release|Any CPU.Build.0 = Release|Any CPU
		{A488E1FC-77E4-45BC-99C5-ABD3010C8D1B}.Debug|Any CPU.ActiveCfg = Debug|Any CPU
		{A488E1FC-77E4-45BC-99C5-ABD3010C8D1B}.Debug|Any CPU.Build.0 = Debug|Any CPU
		{A488E1FC-77E4-45BC-99C5-ABD3010C8D1B}.Release|Any CPU.ActiveCfg = Release|Any CPU
		{A488E1FC-77E4-45BC-99C5-ABD3010C8D1B}.Release|Any CPU.Build.0 = Release|Any CPU
		{14E4AE9A-2BB9-4EF8-A877-4C0AA94D57E3}.Debug|Any CPU.ActiveCfg = Debug|Any CPU
		{14E4AE9A-2BB9-4EF8-A877-4C0AA94D57E3}.Debug|Any CPU.Build.0 = Debug|Any CPU
		{14E4AE9A-2BB9-4EF8-A877-4C0AA94D57E3}.Release|Any CPU.ActiveCfg = Release|Any CPU
		{14E4AE9A-2BB9-4EF8-A877-4C0AA94D57E3}.Release|Any CPU.Build.0 = Release|Any CPU
	EndGlobalSection
	GlobalSection(SolutionProperties) = preSolution
		HideSolutionNode = FALSE
	EndGlobalSection
	GlobalSection(NestedProjects) = preSolution
		{F5D40001-EC6E-4A14-944F-D8EB65D5F67D} = {604BB44B-A5C7-4FE7-93FE-394267EEEDD4}
		{B19176A7-A9C7-4809-9277-C98524B6FAE1} = {D695BE0D-0ACE-4688-8AAF-8C2EAAACC531}
		{D6C422D2-923B-4A34-9A4A-AA1D4EF0FA72} = {D695BE0D-0ACE-4688-8AAF-8C2EAAACC531}
		{DBB3124A-C312-4F7F-8F19-A8013EB38A04} = {52FF6D09-42A1-42B6-BDD1-72A1CFFFF7AD}
		{972D4478-FF5D-448E-8B07-A1C4420FE1F5} = {52FF6D09-42A1-42B6-BDD1-72A1CFFFF7AD}
		{8087C845-4063-443A-BD2A-C2FF7648855A} = {95586DD6-BA19-439F-B551-D7A32961BD26}
		{CC59676D-128E-4657-A5D7-1D1424487CB2} = {89962603-0192-4B15-B86C-D601A27FEFC9}
		{C424FEAB-D330-490B-9A86-6A6A062B8672} = {89962603-0192-4B15-B86C-D601A27FEFC9}
		{A488E1FC-77E4-45BC-99C5-ABD3010C8D1B} = {1A58EB6E-334B-4554-96EE-92D2ABA7A164}
		{14E4AE9A-2BB9-4EF8-A877-4C0AA94D57E3} = {604BB44B-A5C7-4FE7-93FE-394267EEEDD4}
		{F226FC0C-D277-4F42-B004-CC69E3C627B8} = {604BB44B-A5C7-4FE7-93FE-394267EEEDD4}
	EndGlobalSection
	GlobalSection(ExtensibilityGlobals) = postSolution
		SolutionGuid = {EB982DF5-274E-4C94-A97A-43D718395C5D}
	EndGlobalSection
EndGlobal
